
Microsoft Visual Studio Solution File, Format Version 11.00
# Visual Studio 2010
Project("{FAE04EC0-301F-11D3-BF4B-00C04F79EFBC}") = "Parser", "FluentC\Parser.csproj", "{E907EAD4-35A8-4988-B0C2-E12BC0AAF925}"
EndProject
Project("{FAE04EC0-301F-11D3-BF4B-00C04F79EFBC}") = "Engine", "Engine\Engine.csproj", "{BD61A20F-B5FD-409B-881B-B83C64844480}"
EndProject
Project("{FAE04EC0-301F-11D3-BF4B-00C04F79EFBC}") = "Tests", "Tests\Tests.csproj", "{4FA6CA1F-D6C1-4B40-81C7-63BE51E3CB57}"
EndProject
Project("{2150E333-8FDC-42A3-9474-1A3956D46DE8}") = "Solution Items", "Solution Items", "{1DE7FC3B-C948-43AF-A3A0-75D628E75FF4}"
	ProjectSection(SolutionItems) = preProject
		FluentC.vsmdi = FluentC.vsmdi
		Local.testsettings = Local.testsettings
		TraceAndTestImpact.testsettings = TraceAndTestImpact.testsettings
	EndProjectSection
EndProject
Global
	GlobalSection(TestCaseManagementSettings) = postSolution
		CategoryFile = FluentC.vsmdi
	EndGlobalSection
	GlobalSection(SolutionConfigurationPlatforms) = preSolution
		Debug|Any CPU = Debug|Any CPU
		Debug|Mixed Platforms = Debug|Mixed Platforms
		Debug|x86 = Debug|x86
		Release|Any CPU = Release|Any CPU
		Release|Mixed Platforms = Release|Mixed Platforms
		Release|x86 = Release|x86
	EndGlobalSection
	GlobalSection(ProjectConfigurationPlatforms) = postSolution
		{E907EAD4-35A8-4988-B0C2-E12BC0AAF925}.Debug|Any CPU.ActiveCfg = Debug|x86
		{E907EAD4-35A8-4988-B0C2-E12BC0AAF925}.Debug|Mixed Platforms.ActiveCfg = Debug|x86
		{E907EAD4-35A8-4988-B0C2-E12BC0AAF925}.Debug|Mixed Platforms.Build.0 = Debug|x86
		{E907EAD4-35A8-4988-B0C2-E12BC0AAF925}.Debug|x86.ActiveCfg = Debug|x86
		{E907EAD4-35A8-4988-B0C2-E12BC0AAF925}.Debug|x86.Build.0 = Debug|x86
		{E907EAD4-35A8-4988-B0C2-E12BC0AAF925}.Release|Any CPU.ActiveCfg = Release|x86
		{E907EAD4-35A8-4988-B0C2-E12BC0AAF925}.Release|Mixed Platforms.ActiveCfg = Release|x86
		{E907EAD4-35A8-4988-B0C2-E12BC0AAF925}.Release|Mixed Platforms.Build.0 = Release|x86
		{E907EAD4-35A8-4988-B0C2-E12BC0AAF925}.Release|x86.ActiveCfg = Release|x86
		{E907EAD4-35A8-4988-B0C2-E12BC0AAF925}.Release|x86.Build.0 = Release|x86
		{BD61A20F-B5FD-409B-881B-B83C64844480}.Debug|Any CPU.ActiveCfg = Debug|Any CPU
		{BD61A20F-B5FD-409B-881B-B83C64844480}.Debug|Any CPU.Build.0 = Debug|Any CPU
		{BD61A20F-B5FD-409B-881B-B83C64844480}.Debug|Mixed Platforms.ActiveCfg = Debug|Any CPU
		{BD61A20F-B5FD-409B-881B-B83C64844480}.Debug|Mixed Platforms.Build.0 = Debug|Any CPU
		{BD61A20F-B5FD-409B-881B-B83C64844480}.Debug|x86.ActiveCfg = Debug|Any CPU
		{BD61A20F-B5FD-409B-881B-B83C64844480}.Release|Any CPU.ActiveCfg = Release|Any CPU
		{BD61A20F-B5FD-409B-881B-B83C64844480}.Release|Any CPU.Build.0 = Release|Any CPU
		{BD61A20F-B5FD-409B-881B-B83C64844480}.Release|Mixed Platforms.ActiveCfg = Release|Any CPU
		{BD61A20F-B5FD-409B-881B-B83C64844480}.Release|Mixed Platforms.Build.0 = Release|Any CPU
		{BD61A20F-B5FD-409B-881B-B83C64844480}.Release|x86.ActiveCfg = Release|Any CPU
		{4FA6CA1F-D6C1-4B40-81C7-63BE51E3CB57}.Debug|Any CPU.ActiveCfg = Debug|Any CPU
		{4FA6CA1F-D6C1-4B40-81C7-63BE51E3CB57}.Debug|Any CPU.Build.0 = Debug|Any CPU
		{4FA6CA1F-D6C1-4B40-81C7-63BE51E3CB57}.Debug|Mixed Platforms.ActiveCfg = Debug|Any CPU
		{4FA6CA1F-D6C1-4B40-81C7-63BE51E3CB57}.Debug|Mixed Platforms.Build.0 = Debug|Any CPU
		{4FA6CA1F-D6C1-4B40-81C7-63BE51E3CB57}.Debug|x86.ActiveCfg = Debug|Any CPU
		{4FA6CA1F-D6C1-4B40-81C7-63BE51E3CB57}.Release|Any CPU.ActiveCfg = Release|Any CPU
		{4FA6CA1F-D6C1-4B40-81C7-63BE51E3CB57}.Release|Any CPU.Build.0 = Release|Any CPU
		{4FA6CA1F-D6C1-4B40-81C7-63BE51E3CB57}.Release|Mixed Platforms.ActiveCfg = Release|Any CPU
		{4FA6CA1F-D6C1-4B40-81C7-63BE51E3CB57}.Release|Mixed Platforms.Build.0 = Release|Any CPU
		{4FA6CA1F-D6C1-4B40-81C7-63BE51E3CB57}.Release|x86.ActiveCfg = Release|Any CPU
	EndGlobalSection
	GlobalSection(SolutionProperties) = preSolution
		HideSolutionNode = FALSE
	EndGlobalSection
EndGlobal
